
Microsoft Visual Studio Solution File, Format Version 12.00
# Visual Studio 15
VisualStudioVersion = 15.0.28307.271
MinimumVisualStudioVersion = 10.0.40219.1
Project("{F184B08F-C81C-45F6-A57F-5ABD9991F28F}") = "BS_AIO_SYSTEM", "BS_AIO_SYSTEM\BS_AIO_SYSTEM.vbproj", "{0CCBF1F9-8E85-417C-9DA8-B60441AC783C}"
EndProject
Global
	GlobalSection(SolutionConfigurationPlatforms) = preSolution
		Debug|Any CPU = Debug|Any CPU
		Debug|x64 = Debug|x64
		Debug|x86 = Debug|x86
		Release|Any CPU = Release|Any CPU
		Release|x64 = Release|x64
		Release|x86 = Release|x86
	EndGlobalSection
	GlobalSection(ProjectConfigurationPlatforms) = postSolution
		{0CCBF1F9-8E85-417C-9DA8-B60441AC783C}.Debug|Any CPU.ActiveCfg = Debug|Any CPU
		{0CCBF1F9-8E85-417C-9DA8-B60441AC783C}.Debug|Any CPU.Build.0 = Debug|Any CPU
		{0CCBF1F9-8E85-417C-9DA8-B60441AC783C}.Debug|x64.ActiveCfg = Debug|Any CPU
		{0CCBF1F9-8E85-417C-9DA8-B60441AC783C}.Debug|x64.Build.0 = Debug|Any CPU
		{0CCBF1F9-8E85-417C-9DA8-B60441AC783C}.Debug|x86.ActiveCfg = Debug|Any CPU
		{0CCBF1F9-8E85-417C-9DA8-B60441AC783C}.Debug|x86.Build.0 = Debug|Any CPU
		{0CCBF1F9-8E85-417C-9DA8-B60441AC783C}.Release|Any CPU.ActiveCfg = Release|Any CPU
		{0CCBF1F9-8E85-417C-9DA8-B60441AC783C}.Release|Any CPU.Build.0 = Release|Any CPU
		{0CCBF1F9-8E85-417C-9DA8-B60441AC783C}.Release|x64.ActiveCfg = Release|x64
		{0CCBF1F9-8E85-417C-9DA8-B60441AC783C}.Release|x64.Build.0 = Release|x64
		{0CCBF1F9-8E85-417C-9DA8-B60441AC783C}.Release|x86.ActiveCfg = Release|x86
		{0CCBF1F9-8E85-417C-9DA8-B60441AC783C}.Release|x86.Build.0 = Release|x86
	EndGlobalSection
	GlobalSection(SolutionProperties) = preSolution
		HideSolutionNode = FALSE
	EndGlobalSection
	GlobalSection(ExtensibilityGlobals) = postSolution
		SolutionGuid = {4A5D761C-5FA0-4D51-B0A6-A42F96D19E42}
	EndGlobalSection
EndGlobal
